
Microsoft Visual Studio Solution File, Format Version 12.00
# Visual Studio 15
Project("{FAE04EC0-301F-11D3-BF4B-00C04F79EFBC}") = "matrix_sim", "matrix_sim\matrix_sim.csproj", "{B30C6778-076E-4058-B2DF-053F8A30F260}"
EndProject
Global
	GlobalSection(SolutionConfigurationPlatforms) = preSolution
		Debug|anycpu = Debug|anycpu
		Release|anycpu = Release|anycpu
	EndGlobalSection
	GlobalSection(ProjectConfigurationPlatforms) = postSolution
		{B30C6778-076E-4058-B2DF-053F8A30F260}.Debug|anycpu.ActiveCfg = Debug|anycpu
		{B30C6778-076E-4058-B2DF-053F8A30F260}.Debug|anycpu.Build.0 = Debug|anycpu
		{B30C6778-076E-4058-B2DF-053F8A30F260}.Release|anycpu.ActiveCfg = Release|anycpu
		{B30C6778-076E-4058-B2DF-053F8A30F260}.Release|anycpu.Build.0 = Release|anycpu
	EndGlobalSection
EndGlobal
