Microsoft Visual Studio Solution File, Format Version 12.00
# Visual Studio Version 16
VisualStudioVersion = 16.0.30011.22
MinimumVisualStudioVersion = 10.0.40219.1
Project("{FAE04EC0-301F-11D3-BF4B-00C04F79EFBC}") = "matrix_sim", "matrix_sim\matrix_sim.csproj", "{B30C6778-076E-4058-B2DF-053F8A30F260}"
EndProject
Global
	GlobalSection(SolutionConfigurationPlatforms) = preSolution
		Debug|anycpu = Debug|anycpu
		Release|anycpu = Release|anycpu
	EndGlobalSection
	GlobalSection(ProjectConfigurationPlatforms) = postSolution
		{B30C6778-076E-4058-B2DF-053F8A30F260}.Debug|anycpu.ActiveCfg = Debug|Any CPU
		{B30C6778-076E-4058-B2DF-053F8A30F260}.Debug|anycpu.Build.0 = Debug|Any CPU
		{B30C6778-076E-4058-B2DF-053F8A30F260}.Release|anycpu.ActiveCfg = Release|Any CPU
		{B30C6778-076E-4058-B2DF-053F8A30F260}.Release|anycpu.Build.0 = Release|Any CPU
	EndGlobalSection
	GlobalSection(SolutionProperties) = preSolution
		HideSolutionNode = FALSE
	EndGlobalSection
	GlobalSection(ExtensibilityGlobals) = postSolution
		SolutionGuid = {77D1BBD8-F7A7-4FE5-891A-2C4FB3FEF7D3}
	EndGlobalSection
EndGlobal
